<Solution>
  <Project Path="04_PractiseProblems/04_PractiseProblems.csproj" Id="f3d1a3c8-68a4-43e2-aed7-25a81d445d97" />
  <Project Path="Operators/03_Operators.csproj" Id="c729b5d0-3fe9-41e5-b18b-fab31390e8a9" />
  <Project Path="ReadWriteBasics/01_ReadWriteBasics.csproj" />
  <Project Path="TypeConversion/02_TypeConversion.csproj" />
</Solution>
